{
  "nodes": {
    "nixpkgs": {
      "locked": {
        "lastModified": 1741851582,
        "narHash": "sha256-cPfs8qMccim2RBgtKGF+x9IBCduRvd/N5F4nYpU0TVE=",
        "owner": "nixos",
        "repo": "nixpkgs",
        "rev": "6607cf789e541e7873d40d3a8f7815ea92204f32",
        "type": "github"
      },
      "original": {
        "owner": "nixos",
        "ref": "nixos-unstable",
        "repo": "nixpkgs",
        "type": "github"
      }
    },
    "nixpkgs_2": {
      "locked": {
        "lastModified": 1741379970,
        "narHash": "sha256-Wh7esNh7G24qYleLvgOSY/7HlDUzWaL/n4qzlBePpiw=",
        "owner": "nixos",
        "repo": "nixpkgs",
        "rev": "36fd87baa9083f34f7f5027900b62ee6d09b1f2f",
        "type": "github"
      },
      "original": {
        "owner": "nixos",
        "ref": "nixos-unstable",
        "repo": "nixpkgs",
        "type": "github"
      }
    },
    "root": {
      "inputs": {
        "nixpkgs": "nixpkgs",
        "whitelist": "whitelist"
      }
    },
    "whitelist": {
      "inputs": {
        "nixpkgs": "nixpkgs_2"
      },
      "locked": {
        "lastModified": 1741530189,
        "narHash": "sha256-P+rgH979qrrHZaeUKePN+kjDIpZU3zHj+AXHs2nJ3RY=",
        "owner": "abdennourzahaf",
        "repo": "whitelist",
        "rev": "be1e0be684b7cc73ed1c3ea0318f835444952869",
        "type": "github"
      },
      "original": {
        "owner": "abdennourzahaf",
        "repo": "whitelist",
        "type": "github"
      }
    }
  },
  "root": "root",
  "version": 7
}
